
Microsoft Visual Studio Solution File, Format Version 12.00
# Visual Studio Version 16
VisualStudioVersion = 16.0.30711.63
MinimumVisualStudioVersion = 10.0.40219.1
Project("{FAE04EC0-301F-11D3-BF4B-00C04F79EFBC}") = "FileExplorer", "FileExplorer\FileExplorer.csproj", "{3D4F94B7-1A29-46B4-9459-F142B23A7130}"
EndProject
Project("{FAE04EC0-301F-11D3-BF4B-00C04F79EFBC}") = "Web DevTools", "Web DevTools\Web DevTools.csproj", "{F03BDE28-5755-4C2B-8548-1BBEF3C43E47}"
EndProject
Project("{FAE04EC0-301F-11D3-BF4B-00C04F79EFBC}") = "Camera", "Camera\Camera.csproj", "{DF850D3B-8C7A-482C-9CD3-5F3FD6A49469}"
EndProject
Global
	GlobalSection(SolutionConfigurationPlatforms) = preSolution
		Debug|Any CPU = Debug|Any CPU
		Release|Any CPU = Release|Any CPU
	EndGlobalSection
	GlobalSection(ProjectConfigurationPlatforms) = postSolution
		{3D4F94B7-1A29-46B4-9459-F142B23A7130}.Debug|Any CPU.ActiveCfg = Debug|Any CPU
		{3D4F94B7-1A29-46B4-9459-F142B23A7130}.Debug|Any CPU.Build.0 = Debug|Any CPU
		{3D4F94B7-1A29-46B4-9459-F142B23A7130}.Debug|Any CPU.Deploy.0 = Debug|Any CPU
		{3D4F94B7-1A29-46B4-9459-F142B23A7130}.Release|Any CPU.ActiveCfg = Release|Any CPU
		{3D4F94B7-1A29-46B4-9459-F142B23A7130}.Release|Any CPU.Build.0 = Release|Any CPU
		{3D4F94B7-1A29-46B4-9459-F142B23A7130}.Release|Any CPU.Deploy.0 = Release|Any CPU
		{F03BDE28-5755-4C2B-8548-1BBEF3C43E47}.Debug|Any CPU.ActiveCfg = Debug|Any CPU
		{F03BDE28-5755-4C2B-8548-1BBEF3C43E47}.Debug|Any CPU.Build.0 = Debug|Any CPU
		{F03BDE28-5755-4C2B-8548-1BBEF3C43E47}.Debug|Any CPU.Deploy.0 = Debug|Any CPU
		{F03BDE28-5755-4C2B-8548-1BBEF3C43E47}.Release|Any CPU.ActiveCfg = Release|Any CPU
		{F03BDE28-5755-4C2B-8548-1BBEF3C43E47}.Release|Any CPU.Build.0 = Release|Any CPU
		{F03BDE28-5755-4C2B-8548-1BBEF3C43E47}.Release|Any CPU.Deploy.0 = Release|Any CPU
		{DF850D3B-8C7A-482C-9CD3-5F3FD6A49469}.Debug|Any CPU.ActiveCfg = Debug|Any CPU
		{DF850D3B-8C7A-482C-9CD3-5F3FD6A49469}.Debug|Any CPU.Build.0 = Debug|Any CPU
		{DF850D3B-8C7A-482C-9CD3-5F3FD6A49469}.Debug|Any CPU.Deploy.0 = Debug|Any CPU
		{DF850D3B-8C7A-482C-9CD3-5F3FD6A49469}.Release|Any CPU.ActiveCfg = Release|Any CPU
		{DF850D3B-8C7A-482C-9CD3-5F3FD6A49469}.Release|Any CPU.Build.0 = Release|Any CPU
		{DF850D3B-8C7A-482C-9CD3-5F3FD6A49469}.Release|Any CPU.Deploy.0 = Release|Any CPU
	EndGlobalSection
	GlobalSection(SolutionProperties) = preSolution
		HideSolutionNode = FALSE
	EndGlobalSection
	GlobalSection(ExtensibilityGlobals) = postSolution
		SolutionGuid = {DA897B1C-1454-4AF4-B820-78AB5507685C}
	EndGlobalSection
EndGlobal
